
Microsoft Visual Studio Solution File, Format Version 12.00
# Visual Studio Version 17
VisualStudioVersion = 17.8.34330.188
MinimumVisualStudioVersion = 10.0.40219.1
Project("{F2A71F9B-5D33-465A-A702-920D77279786}") = "JJKlang", "JJKlang\JJKlang.fsproj", "{3046A42C-5896-4572-8F67-0DA5C15A2393}"
EndProject
Global
	GlobalSection(SolutionConfigurationPlatforms) = preSolution
		Debug|Any CPU = Debug|Any CPU
		Release|Any CPU = Release|Any CPU
	EndGlobalSection
	GlobalSection(ProjectConfigurationPlatforms) = postSolution
		{3046A42C-5896-4572-8F67-0DA5C15A2393}.Debug|Any CPU.ActiveCfg = Debug|Any CPU
		{3046A42C-5896-4572-8F67-0DA5C15A2393}.Debug|Any CPU.Build.0 = Debug|Any CPU
		{3046A42C-5896-4572-8F67-0DA5C15A2393}.Release|Any CPU.ActiveCfg = Release|Any CPU
		{3046A42C-5896-4572-8F67-0DA5C15A2393}.Release|Any CPU.Build.0 = Release|Any CPU
	EndGlobalSection
	GlobalSection(SolutionProperties) = preSolution
		HideSolutionNode = FALSE
	EndGlobalSection
	GlobalSection(ExtensibilityGlobals) = postSolution
		SolutionGuid = {F0D072B5-51DD-4E47-BFFE-F7AB61410C87}
	EndGlobalSection
EndGlobal
